
Microsoft Visual Studio Solution File, Format Version 12.00
# Visual Studio Version 17
VisualStudioVersion = 17.0.31919.166
MinimumVisualStudioVersion = 10.0.40219.1
Project("{FAE04EC0-301F-11D3-BF4B-00C04F79EFBC}") = "Client", "Client.csproj", "{04316F76-1627-40B7-8195-2D701BAB5234}"
EndProject
Global
	GlobalSection(SolutionConfigurationPlatforms) = preSolution
		Debug|Any CPU = Debug|Any CPU
		Release|Any CPU = Release|Any CPU
	EndGlobalSection
	GlobalSection(ProjectConfigurationPlatforms) = postSolution
		{04316F76-1627-40B7-8195-2D701BAB5234}.Debug|Any CPU.ActiveCfg = Debug|Any CPU
		{04316F76-1627-40B7-8195-2D701BAB5234}.Debug|Any CPU.Build.0 = Debug|Any CPU
		{04316F76-1627-40B7-8195-2D701BAB5234}.Release|Any CPU.ActiveCfg = Release|Any CPU
		{04316F76-1627-40B7-8195-2D701BAB5234}.Release|Any CPU.Build.0 = Release|Any CPU
	EndGlobalSection
	GlobalSection(SolutionProperties) = preSolution
		HideSolutionNode = FALSE
	EndGlobalSection
	GlobalSection(ExtensibilityGlobals) = postSolution
		SolutionGuid = {62E4EFB2-BFCE-41E1-AE0E-3425E73DD757}
	EndGlobalSection
EndGlobal
