
Microsoft Visual Studio Solution File, Format Version 12.00
# Visual Studio Version 16
VisualStudioVersion = 16.0.29609.76
MinimumVisualStudioVersion = 10.0.40219.1
Project("{FAE04EC0-301F-11D3-BF4B-00C04F79EFBC}") = "Example", "Example\Example.csproj", "{E7058B9D-2FB6-4B1E-852A-748012B0ED06}"
EndProject
Project("{9A19103F-16F7-4668-BE54-9A1E7A4F7556}") = "StarWars", "..\StarWars\StarWars.csproj", "{1AA61C4F-049D-4DD1-91BF-0A0C84385A3E}"
EndProject
Global
	GlobalSection(SolutionConfigurationPlatforms) = preSolution
		Debug|Any CPU = Debug|Any CPU
		Release|Any CPU = Release|Any CPU
	EndGlobalSection
	GlobalSection(ProjectConfigurationPlatforms) = postSolution
		{E7058B9D-2FB6-4B1E-852A-748012B0ED06}.Debug|Any CPU.ActiveCfg = Debug|Any CPU
		{E7058B9D-2FB6-4B1E-852A-748012B0ED06}.Debug|Any CPU.Build.0 = Debug|Any CPU
		{E7058B9D-2FB6-4B1E-852A-748012B0ED06}.Release|Any CPU.ActiveCfg = Release|Any CPU
		{E7058B9D-2FB6-4B1E-852A-748012B0ED06}.Release|Any CPU.Build.0 = Release|Any CPU
		{1AA61C4F-049D-4DD1-91BF-0A0C84385A3E}.Debug|Any CPU.ActiveCfg = Debug|Any CPU
		{1AA61C4F-049D-4DD1-91BF-0A0C84385A3E}.Debug|Any CPU.Build.0 = Debug|Any CPU
		{1AA61C4F-049D-4DD1-91BF-0A0C84385A3E}.Release|Any CPU.ActiveCfg = Release|Any CPU
		{1AA61C4F-049D-4DD1-91BF-0A0C84385A3E}.Release|Any CPU.Build.0 = Release|Any CPU
	EndGlobalSection
	GlobalSection(SolutionProperties) = preSolution
		HideSolutionNode = FALSE
	EndGlobalSection
	GlobalSection(ExtensibilityGlobals) = postSolution
		SolutionGuid = {A7288656-A8E0-4150-8C09-6E25B76F3AA0}
	EndGlobalSection
EndGlobal
